// !$*UTF8*$!
{
	archiveVersion = 1;
	classes = {
	};
	objectVersion = 50;
	objects = {

/* Begin PBXBuildFile section */
		8F1A205F240F42F043A1CE94 /* Pods_emoji_quiz.framework in Frameworks */ = {isa = PBXBuildFile; fileRef = AEB6B348B95ECC31E473F680 /* Pods_emoji_quiz.framework */; };
		D338A7412210E02500D0BF96 /* AppDelegate.swift in Sources */ = {isa = PBXBuildFile; fileRef = D338A7402210E02500D0BF96 /* AppDelegate.swift */; };
		D338A7432210E02500D0BF96 /* QuizController.swift in Sources */ = {isa = PBXBuildFile; fileRef = D338A7422210E02500D0BF96 /* QuizController.swift */; };
		D338A7462210E02500D0BF96 /* Main.storyboard in Resources */ = {isa = PBXBuildFile; fileRef = D338A7442210E02500D0BF96 /* Main.storyboard */; };
		D338A7482210E02600D0BF96 /* Assets.xcassets in Resources */ = {isa = PBXBuildFile; fileRef = D338A7472210E02600D0BF96 /* Assets.xcassets */; };
		D338A74B2210E02600D0BF96 /* LaunchScreen.storyboard in Resources */ = {isa = PBXBuildFile; fileRef = D338A7492210E02600D0BF96 /* LaunchScreen.storyboard */; };
		D338A7532210E44000D0BF96 /* quiz.swift in Sources */ = {isa = PBXBuildFile; fileRef = D338A7522210E44000D0BF96 /* quiz.swift */; };
		D3918F6422112CD60036F3B1 /* QuizGameController.swift in Sources */ = {isa = PBXBuildFile; fileRef = D3918F6322112CD60036F3B1 /* QuizGameController.swift */; };
		D3FB204122110998009C91A1 /* GoogleService-Info.plist in Resources */ = {isa = PBXBuildFile; fileRef = D3FB204022110998009C91A1 /* GoogleService-Info.plist */; };
/* End PBXBuildFile section */

/* Begin PBXFileReference section */
		64DC22E75B32923DD789F881 /* Pods-emoji-quiz.release.xcconfig */ = {isa = PBXFileReference; includeInIndex = 1; lastKnownFileType = text.xcconfig; name = "Pods-emoji-quiz.release.xcconfig"; path = "Target Support Files/Pods-emoji-quiz/Pods-emoji-quiz.release.xcconfig"; sourceTree = "<group>"; };
		8D8884D30EE4DA6098E41C01 /* Pods-emoji-quiz.debug.xcconfig */ = {isa = PBXFileReference; includeInIndex = 1; lastKnownFileType = text.xcconfig; name = "Pods-emoji-quiz.debug.xcconfig"; path = "Target Support Files/Pods-emoji-quiz/Pods-emoji-quiz.debug.xcconfig"; sourceTree = "<group>"; };
		AEB6B348B95ECC31E473F680 /* Pods_emoji_quiz.framework */ = {isa = PBXFileReference; explicitFileType = wrapper.framework; includeInIndex = 0; path = Pods_emoji_quiz.framework; sourceTree = BUILT_PRODUCTS_DIR; };
		D338A73D2210E02500D0BF96 /* emoji-quiz.app */ = {isa = PBXFileReference; explicitFileType = wrapper.application; includeInIndex = 0; path = "emoji-quiz.app"; sourceTree = BUILT_PRODUCTS_DIR; };
		D338A7402210E02500D0BF96 /* AppDelegate.swift */ = {isa = PBXFileReference; lastKnownFileType = sourcecode.swift; path = AppDelegate.swift; sourceTree = "<group>"; };
		D338A7422210E02500D0BF96 /* QuizController.swift */ = {isa = PBXFileReference; lastKnownFileType = sourcecode.swift; path = QuizController.swift; sourceTree = "<group>"; };
		D338A7452210E02500D0BF96 /* Base */ = {isa = PBXFileReference; lastKnownFileType = file.storyboard; name = Base; path = Base.lproj/Main.storyboard; sourceTree = "<group>"; };
		D338A7472210E02600D0BF96 /* Assets.xcassets */ = {isa = PBXFileReference; lastKnownFileType = folder.assetcatalog; path = Assets.xcassets; sourceTree = "<group>"; };
		D338A74A2210E02600D0BF96 /* Base */ = {isa = PBXFileReference; lastKnownFileType = file.storyboard; name = Base; path = Base.lproj/LaunchScreen.storyboard; sourceTree = "<group>"; };
		D338A74C2210E02600D0BF96 /* Info.plist */ = {isa = PBXFileReference; lastKnownFileType = text.plist.xml; path = Info.plist; sourceTree = "<group>"; };
		D338A7522210E44000D0BF96 /* quiz.swift */ = {isa = PBXFileReference; lastKnownFileType = sourcecode.swift; path = quiz.swift; sourceTree = "<group>"; };
		D3918F6322112CD60036F3B1 /* QuizGameController.swift */ = {isa = PBXFileReference; lastKnownFileType = sourcecode.swift; path = QuizGameController.swift; sourceTree = "<group>"; };
		D3FB204022110998009C91A1 /* GoogleService-Info.plist */ = {isa = PBXFileReference; fileEncoding = 4; lastKnownFileType = text.plist.xml; name = "GoogleService-Info.plist"; path = "../../../../../Downloads/GoogleService-Info.plist"; sourceTree = "<group>"; };
/* End PBXFileReference section */

/* Begin PBXFrameworksBuildPhase section */
		D338A73A2210E02500D0BF96 /* Frameworks */ = {
			isa = PBXFrameworksBuildPhase;
			buildActionMask = 2147483647;
			files = (
				8F1A205F240F42F043A1CE94 /* Pods_emoji_quiz.framework in Frameworks */,
			);
			runOnlyForDeploymentPostprocessing = 0;
		};
/* End PBXFrameworksBuildPhase section */

/* Begin PBXGroup section */
		D338A7342210E02500D0BF96 = {
			isa = PBXGroup;
			children = (
				D338A73F2210E02500D0BF96 /* emoji-quiz */,
				D338A73E2210E02500D0BF96 /* Products */,
				DB046BA825F6A907CCC36967 /* Pods */,
				E0907ADA1BE5ECEE5FEBC479 /* Frameworks */,
			);
			sourceTree = "<group>";
		};
		D338A73E2210E02500D0BF96 /* Products */ = {
			isa = PBXGroup;
			children = (
				D338A73D2210E02500D0BF96 /* emoji-quiz.app */,
			);
			name = Products;
			sourceTree = "<group>";
		};
		D338A73F2210E02500D0BF96 /* emoji-quiz */ = {
			isa = PBXGroup;
			children = (
				D338A7402210E02500D0BF96 /* AppDelegate.swift */,
				D338A7422210E02500D0BF96 /* QuizController.swift */,
				D338A7442210E02500D0BF96 /* Main.storyboard */,
				D338A7472210E02600D0BF96 /* Assets.xcassets */,
				D338A7492210E02600D0BF96 /* LaunchScreen.storyboard */,
				D338A74C2210E02600D0BF96 /* Info.plist */,
				D3FB204022110998009C91A1 /* GoogleService-Info.plist */,
				D338A7522210E44000D0BF96 /* quiz.swift */,
				D3918F6322112CD60036F3B1 /* QuizGameController.swift */,
			);
			path = "emoji-quiz";
			sourceTree = "<group>";
		};
		DB046BA825F6A907CCC36967 /* Pods */ = {
			isa = PBXGroup;
			children = (
				8D8884D30EE4DA6098E41C01 /* Pods-emoji-quiz.debug.xcconfig */,
				64DC22E75B32923DD789F881 /* Pods-emoji-quiz.release.xcconfig */,
			);
			path = Pods;
			sourceTree = "<group>";
		};
		E0907ADA1BE5ECEE5FEBC479 /* Frameworks */ = {
			isa = PBXGroup;
			children = (
				AEB6B348B95ECC31E473F680 /* Pods_emoji_quiz.framework */,
			);
			name = Frameworks;
			sourceTree = "<group>";
		};
/* End PBXGroup section */

/* Begin PBXNativeTarget section */
		D338A73C2210E02500D0BF96 /* emoji-quiz */ = {
			isa = PBXNativeTarget;
			buildConfigurationList = D338A74F2210E02600D0BF96 /* Build configuration list for PBXNativeTarget "emoji-quiz" */;
			buildPhases = (
				D24BE46292DBB0B697B46B69 /* [CP] Check Pods Manifest.lock */,
				D338A7392210E02500D0BF96 /* Sources */,
				D338A73A2210E02500D0BF96 /* Frameworks */,
				D338A73B2210E02500D0BF96 /* Resources */,
				0331C182063D418D4976CB1F /* [CP] Embed Pods Frameworks */,
			);
			buildRules = (
			);
			dependencies = (
			);
			name = "emoji-quiz";
			productName = "emoji-quiz";
			productReference = D338A73D2210E02500D0BF96 /* emoji-quiz.app */;
			productType = "com.apple.product-type.application";
		};
/* End PBXNativeTarget section */

/* Begin PBXProject section */
		D338A7352210E02500D0BF96 /* Project object */ = {
			isa = PBXProject;
			attributes = {
				LastSwiftUpdateCheck = 1010;
				LastUpgradeCheck = 1010;
				ORGANIZATIONNAME = "Eaton, Kevin";
				TargetAttributes = {
					D338A73C2210E02500D0BF96 = {
						CreatedOnToolsVersion = 10.1;
					};
				};
			};
			buildConfigurationList = D338A7382210E02500D0BF96 /* Build configuration list for PBXProject "emoji-quiz" */;
			compatibilityVersion = "Xcode 9.3";
			developmentRegion = en;
			hasScannedForEncodings = 0;
			knownRegions = (
				en,
				Base,
			);
			mainGroup = D338A7342210E02500D0BF96;
			productRefGroup = D338A73E2210E02500D0BF96 /* Products */;
			projectDirPath = "";
			projectRoot = "";
			targets = (
				D338A73C2210E02500D0BF96 /* emoji-quiz */,
			);
		};
/* End PBXProject section */

/* Begin PBXResourcesBuildPhase section */
		D338A73B2210E02500D0BF96 /* Resources */ = {
			isa = PBXResourcesBuildPhase;
			buildActionMask = 2147483647;
			files = (
				D338A74B2210E02600D0BF96 /* LaunchScreen.storyboard in Resources */,
				D3FB204122110998009C91A1 /* GoogleService-Info.plist in Resources */,
				D338A7482210E02600D0BF96 /* Assets.xcassets in Resources */,
				D338A7462210E02500D0BF96 /* Main.storyboard in Resources */,
			);
			runOnlyForDeploymentPostprocessing = 0;
		};
/* End PBXResourcesBuildPhase section */

/* Begin PBXShellScriptBuildPhase section */
		0331C182063D418D4976CB1F /* [CP] Embed Pods Frameworks */ = {
			isa = PBXShellScriptBuildPhase;
			buildActionMask = 2147483647;
			files = (
			);
			inputFileListPaths = (
			);
			inputPaths = (
				"${PODS_ROOT}/Target Support Files/Pods-emoji-quiz/Pods-emoji-quiz-frameworks.sh",
				"${BUILT_PRODUCTS_DIR}/GoogleUtilities/GoogleUtilities.framework",
				"${BUILT_PRODUCTS_DIR}/leveldb-library/leveldb.framework",
				"${BUILT_PRODUCTS_DIR}/nanopb/nanopb.framework",
			);
			name = "[CP] Embed Pods Frameworks";
			outputFileListPaths = (
			);
			outputPaths = (
				"${TARGET_BUILD_DIR}/${FRAMEWORKS_FOLDER_PATH}/GoogleUtilities.framework",
				"${TARGET_BUILD_DIR}/${FRAMEWORKS_FOLDER_PATH}/leveldb.framework",
				"${TARGET_BUILD_DIR}/${FRAMEWORKS_FOLDER_PATH}/nanopb.framework",
			);
			runOnlyForDeploymentPostprocessing = 0;
			shellPath = /bin/sh;
			shellScript = "\"${PODS_ROOT}/Target Support Files/Pods-emoji-quiz/Pods-emoji-quiz-frameworks.sh\"\n";
			showEnvVarsInLog = 0;
		};
		D24BE46292DBB0B697B46B69 /* [CP] Check Pods Manifest.lock */ = {
			isa = PBXShellScriptBuildPhase;
			buildActionMask = 2147483647;
			files = (
			);
			inputFileListPaths = (
			);
			inputPaths = (
				"${PODS_PODFILE_DIR_PATH}/Podfile.lock",
				"${PODS_ROOT}/Manifest.lock",
			);
			name = "[CP] Check Pods Manifest.lock";
			outputFileListPaths = (
			);
			outputPaths = (
				"$(DERIVED_FILE_DIR)/Pods-emoji-quiz-checkManifestLockResult.txt",
			);
			runOnlyForDeploymentPostprocessing = 0;
			shellPath = /bin/sh;
			shellScript = "diff \"${PODS_PODFILE_DIR_PATH}/Podfile.lock\" \"${PODS_ROOT}/Manifest.lock\" > /dev/null\nif [ $? != 0 ] ; then\n    # print error to STDERR\n    echo \"error: The sandbox is not in sync with the Podfile.lock. Run 'pod install' or update your CocoaPods installation.\" >&2\n    exit 1\nfi\n# This output is used by Xcode 'outputs' to avoid re-running this script phase.\necho \"SUCCESS\" > \"${SCRIPT_OUTPUT_FILE_0}\"\n";
			showEnvVarsInLog = 0;
		};
/* End PBXShellScriptBuildPhase section */

/* Begin PBXSourcesBuildPhase section */
		D338A7392210E02500D0BF96 /* Sources */ = {
			isa = PBXSourcesBuildPhase;
			buildActionMask = 2147483647;
			files = (
				D338A7432210E02500D0BF96 /* QuizController.swift in Sources */,
				D338A7412210E02500D0BF96 /* AppDelegate.swift in Sources */,
				D3918F6422112CD60036F3B1 /* QuizGameController.swift in Sources */,
				D338A7532210E44000D0BF96 /* quiz.swift in Sources */,
			);
			runOnlyForDeploymentPostprocessing = 0;
		};
/* End PBXSourcesBuildPhase section */

/* Begin PBXVariantGroup section */
		D338A7442210E02500D0BF96 /* Main.storyboard */ = {
			isa = PBXVariantGroup;
			children = (
				D338A7452210E02500D0BF96 /* Base */,
			);
			name = Main.storyboard;
			sourceTree = "<group>";
		};
		D338A7492210E02600D0BF96 /* LaunchScreen.storyboard */ = {
			isa = PBXVariantGroup;
			children = (
				D338A74A2210E02600D0BF96 /* Base */,
			);
			name = LaunchScreen.storyboard;
			sourceTree = "<group>";
		};
/* End PBXVariantGroup section */

/* Begin XCBuildConfiguration section */
		D338A74D2210E02600D0BF96 /* Debug */ = {
			isa = XCBuildConfiguration;
			buildSettings = {
				ALWAYS_SEARCH_USER_PATHS = NO;
				CLANG_ANALYZER_NONNULL = YES;
				CLANG_ANALYZER_NUMBER_OBJECT_CONVERSION = YES_AGGRESSIVE;
				CLANG_CXX_LANGUAGE_STANDARD = "gnu++14";
				CLANG_CXX_LIBRARY = "libc++";
				CLANG_ENABLE_MODULES = YES;
				CLANG_ENABLE_OBJC_ARC = YES;
				CLANG_ENABLE_OBJC_WEAK = YES;
				CLANG_WARN_BLOCK_CAPTURE_AUTORELEASING = YES;
				CLANG_WARN_BOOL_CONVERSION = YES;
				CLANG_WARN_COMMA = YES;
				CLANG_WARN_CONSTANT_CONVERSION = YES;
				CLANG_WARN_DEPRECATED_OBJC_IMPLEMENTATIONS = YES;
				CLANG_WARN_DIRECT_OBJC_ISA_USAGE = YES_ERROR;
				CLANG_WARN_DOCUMENTATION_COMMENTS = YES;
				CLANG_WARN_EMPTY_BODY = YES;
				CLANG_WARN_ENUM_CONVERSION = YES;
				CLANG_WARN_INFINITE_RECURSION = YES;
				CLANG_WARN_INT_CONVERSION = YES;
				CLANG_WARN_NON_LITERAL_NULL_CONVERSION = YES;
				CLANG_WARN_OBJC_IMPLICIT_RETAIN_SELF = YES;
				CLANG_WARN_OBJC_LITERAL_CONVERSION = YES;
				CLANG_WARN_OBJC_ROOT_CLASS = YES_ERROR;
				CLANG_WARN_RANGE_LOOP_ANALYSIS = YES;
				CLANG_WARN_STRICT_PROTOTYPES = YES;
				CLANG_WARN_SUSPICIOUS_MOVE = YES;
				CLANG_WARN_UNGUARDED_AVAILABILITY = YES_AGGRESSIVE;
				CLANG_WARN_UNREACHABLE_CODE = YES;
				CLANG_WARN__DUPLICATE_METHOD_MATCH = YES;
				CODE_SIGN_IDENTITY = "iPhone Developer";
				COPY_PHASE_STRIP = NO;
				DEBUG_INFORMATION_FORMAT = dwarf;
				ENABLE_STRICT_OBJC_MSGSEND = YES;
				ENABLE_TESTABILITY = YES;
				GCC_C_LANGUAGE_STANDARD = gnu11;
				GCC_DYNAMIC_NO_PIC = NO;
				GCC_NO_COMMON_BLOCKS = YES;
				GCC_OPTIMIZATION_LEVEL = 0;
				GCC_PREPROCESSOR_DEFINITIONS = (
					"DEBUG=1",
					"$(inherited)",
				);
				GCC_WARN_64_TO_32_BIT_CONVERSION = YES;
				GCC_WARN_ABOUT_RETURN_TYPE = YES_ERROR;
				GCC_WARN_UNDECLARED_SELECTOR = YES;
				GCC_WARN_UNINITIALIZED_AUTOS = YES_AGGRESSIVE;
				GCC_WARN_UNUSED_FUNCTION = YES;
				GCC_WARN_UNUSED_VARIABLE = YES;
				IPHONEOS_DEPLOYMENT_TARGET = 12.1;
				MTL_ENABLE_DEBUG_INFO = INCLUDE_SOURCE;
				MTL_FAST_MATH = YES;
				ONLY_ACTIVE_ARCH = YES;
				SDKROOT = iphoneos;
				SWIFT_ACTIVE_COMPILATION_CONDITIONS = DEBUG;
				SWIFT_OPTIMIZATION_LEVEL = "-Onone";
			};
			name = Debug;
		};
		D338A74E2210E02600D0BF96 /* Release */ = {
			isa = XCBuildConfiguration;
			buildSettings = {
				ALWAYS_SEARCH_USER_PATHS = NO;
				CLANG_ANALYZER_NONNULL = YES;
				CLANG_ANALYZER_NUMBER_OBJECT_CONVERSION = YES_AGGRESSIVE;
				CLANG_CXX_LANGUAGE_STANDARD = "gnu++14";
				CLANG_CXX_LIBRARY = "libc++";
				CLANG_ENABLE_MODULES = YES;
				CLANG_ENABLE_OBJC_ARC = YES;
				CLANG_ENABLE_OBJC_WEAK = YES;
				CLANG_WARN_BLOCK_CAPTURE_AUTORELEASING = YES;
				CLANG_WARN_BOOL_CONVERSION = YES;
				CLANG_WARN_COMMA = YES;
				CLANG_WARN_CONSTANT_CONVERSION = YES;
				CLANG_WARN_DEPRECATED_OBJC_IMPLEMENTATIONS = YES;
				CLANG_WARN_DIRECT_OBJC_ISA_USAGE = YES_ERROR;
				CLANG_WARN_DOCUMENTATION_COMMENTS = YES;
				CLANG_WARN_EMPTY_BODY = YES;
				CLANG_WARN_ENUM_CONVERSION = YES;
				CLANG_WARN_INFINITE_RECURSION = YES;
				CLANG_WARN_INT_CONVERSION = YES;
				CLANG_WARN_NON_LITERAL_NULL_CONVERSION = YES;
				CLANG_WARN_OBJC_IMPLICIT_RETAIN_SELF = YES;
				CLANG_WARN_OBJC_LITERAL_CONVERSION = YES;
				CLANG_WARN_OBJC_ROOT_CLASS = YES_ERROR;
				CLANG_WARN_RANGE_LOOP_ANALYSIS = YES;
				CLANG_WARN_STRICT_PROTOTYPES = YES;
				CLANG_WARN_SUSPICIOUS_MOVE = YES;
				CLANG_WARN_UNGUARDED_AVAILABILITY = YES_AGGRESSIVE;
				CLANG_WARN_UNREACHABLE_CODE = YES;
				CLANG_WARN__DUPLICATE_METHOD_MATCH = YES;
				CODE_SIGN_IDENTITY = "iPhone Developer";
				COPY_PHASE_STRIP = NO;
				DEBUG_INFORMATION_FORMAT = "dwarf-with-dsym";
				ENABLE_NS_ASSERTIONS = NO;
				ENABLE_STRICT_OBJC_MSGSEND = YES;
				GCC_C_LANGUAGE_STANDARD = gnu11;
				GCC_NO_COMMON_BLOCKS = YES;
				GCC_WARN_64_TO_32_BIT_CONVERSION = YES;
				GCC_WARN_ABOUT_RETURN_TYPE = YES_ERROR;
				GCC_WARN_UNDECLARED_SELECTOR = YES;
				GCC_WARN_UNINITIALIZED_AUTOS = YES_AGGRESSIVE;
				GCC_WARN_UNUSED_FUNCTION = YES;
				GCC_WARN_UNUSED_VARIABLE = YES;
				IPHONEOS_DEPLOYMENT_TARGET = 12.1;
				MTL_ENABLE_DEBUG_INFO = NO;
				MTL_FAST_MATH = YES;
				SDKROOT = iphoneos;
				SWIFT_COMPILATION_MODE = wholemodule;
				SWIFT_OPTIMIZATION_LEVEL = "-O";
				VALIDATE_PRODUCT = YES;
			};
			name = Release;
		};
		D338A7502210E02600D0BF96 /* Debug */ = {
			isa = XCBuildConfiguration;
			baseConfigurationReference = 8D8884D30EE4DA6098E41C01 /* Pods-emoji-quiz.debug.xcconfig */;
			buildSettings = {
				ASSETCATALOG_COMPILER_APPICON_NAME = AppIcon;
				CODE_SIGN_STYLE = Automatic;
				INFOPLIST_FILE = "emoji-quiz/Info.plist";
				LD_RUNPATH_SEARCH_PATHS = (
					"$(inherited)",
					"@executable_path/Frameworks",
				);
				PRODUCT_BUNDLE_IDENTIFIER = "com.kevin.emoji-quiz";
				PRODUCT_NAME = "$(TARGET_NAME)";
				SWIFT_VERSION = 4.2;
				TARGETED_DEVICE_FAMILY = "1,2";
			};
			name = Debug;
		};
		D338A7512210E02600D0BF96 /* Release */ = {
			isa = XCBuildConfiguration;
			baseConfigurationReference = 64DC22E75B32923DD789F881 /* Pods-emoji-quiz.release.xcconfig */;
			buildSettings = {
				ASSETCATALOG_COMPILER_APPICON_NAME = AppIcon;
				CODE_SIGN_STYLE = Automatic;
				INFOPLIST_FILE = "emoji-quiz/Info.plist";
				LD_RUNPATH_SEARCH_PATHS = (
					"$(inherited)",
					"@executable_path/Frameworks",
				);
				PRODUCT_BUNDLE_IDENTIFIER = "com.kevin.emoji-quiz";
				PRODUCT_NAME = "$(TARGET_NAME)";
				SWIFT_VERSION = 4.2;
				TARGETED_DEVICE_FAMILY = "1,2";
			};
			name = Release;
		};
/* End XCBuildConfiguration section */

/* Begin XCConfigurationList section */
		D338A7382210E02500D0BF96 /* Build configuration list for PBXProject "emoji-quiz" */ = {
			isa = XCConfigurationList;
			buildConfigurations = (
				D338A74D2210E02600D0BF96 /* Debug */,
				D338A74E2210E02600D0BF96 /* Release */,
			);
			defaultConfigurationIsVisible = 0;
			defaultConfigurationName = Release;
		};
		D338A74F2210E02600D0BF96 /* Build configuration list for PBXNativeTarget "emoji-quiz" */ = {
			isa = XCConfigurationList;
			buildConfigurations = (
				D338A7502210E02600D0BF96 /* Debug */,
				D338A7512210E02600D0BF96 /* Release */,
			);
			defaultConfigurationIsVisible = 0;
			defaultConfigurationName = Release;
		};
/* End XCConfigurationList section */
	};
	rootObject = D338A7352210E02500D0BF96 /* Project object */;
}
